# This file is automatically generated by Poetry.
# If you want to install the dependencies yourself, run:
#   poetry install

# To generate this file, run:
#   poetry lock

[[package]]
name = "ai-dev-os-api"
version = "0.1.0"
description = "FastAPI backend for AI Developer OS"
authors = ["AI Dev OS Team <team@aidevos.com>"]

[metadata]
lock-version = "2.0"
python-versions = "^3.11"
content-hash = "dummy-lock-file"
